
Microsoft Visual Studio Solution File, Format Version 12.00
# Visual Studio 15
VisualStudioVersion = 15.0.28307.1972
MinimumVisualStudioVersion = 10.0.40219.1
Project("{FAE04EC0-301F-11D3-BF4B-00C04F79EFBC}") = "Email", "Email\Email.csproj", "{9C5ACD17-6723-4C32-A19F-60147C3D4E28}"
EndProject
Global
	GlobalSection(SolutionConfigurationPlatforms) = preSolution
		Debug|Any CPU = Debug|Any CPU
		Release|Any CPU = Release|Any CPU
	EndGlobalSection
	GlobalSection(ProjectConfigurationPlatforms) = postSolution
		{9C5ACD17-6723-4C32-A19F-60147C3D4E28}.Debug|Any CPU.ActiveCfg = Debug|Any CPU
		{9C5ACD17-6723-4C32-A19F-60147C3D4E28}.Debug|Any CPU.Build.0 = Debug|Any CPU
		{9C5ACD17-6723-4C32-A19F-60147C3D4E28}.Release|Any CPU.ActiveCfg = Release|Any CPU
		{9C5ACD17-6723-4C32-A19F-60147C3D4E28}.Release|Any CPU.Build.0 = Release|Any CPU
	EndGlobalSection
	GlobalSection(SolutionProperties) = preSolution
		HideSolutionNode = FALSE
	EndGlobalSection
	GlobalSection(ExtensibilityGlobals) = postSolution
		SolutionGuid = {4D869AD3-5DB0-4BE8-816B-78C130BB1A38}
	EndGlobalSection
EndGlobal
